{
    "_meta": {
        "hash": {
            "sha256": "9542bab4b3398adccae2aead662d2ed019ba182ad92c073e42daf24cf258c6a6"
        },
        "host-environment-markers": {
            "implementation_name": "cpython",
            "implementation_version": "0",
            "os_name": "posix",
            "platform_machine": "x86_64",
            "platform_python_implementation": "CPython",
            "platform_release": "4.10.0-37-generic",
            "platform_system": "Linux",
            "platform_version": "#41~16.04.1-Ubuntu SMP Fri Oct 6 22:42:59 UTC 2017",
            "python_full_version": "2.7.12",
            "python_version": "2.7",
            "sys_platform": "linux2"
        },
        "pipfile-spec": 6,
        "requires": {},
        "sources": [
            {
                "name": "pypi",
                "url": "https://pypi.python.org/simple",
                "verify_ssl": true
            }
        ]
    },
    "default": {
        "cpplint": {
            "hashes": [
                "sha256:6876139c3944c6dc84cc9095b6c4be3c5397b534b0c00230ba59c4b893936719"
            ],
            "version": "==1.3.0"
        }
    },
    "develop": {}
}
